{
  "name": "geom-split-vertices",
  "version": "2.0.1",
  "lockfileVersion": 3,
  "requires": true,
  "packages": {
    "": {
      "name": "geom-split-vertices",
      "version": "2.0.1",
      "license": "MIT",
      "dependencies": {
        "pex-math": "^4.0.0-alpha.3"
      },
      "devDependencies": {
        "es-module-shims": "^1.6.3",
        "geom-normals": "^2.0.0",
        "pex-context": "^3.0.0-alpha.3",
        "primitive-geometry": "^2.9.1"
      },
      "engines": {
        "node": ">=18.0.0",
        "npm": ">=8.0.0"
      }
    },
    "node_modules/es-module-shims": {
      "version": "1.6.3",
      "resolved": "https://registry.npmjs.org/es-module-shims/-/es-module-shims-1.6.3.tgz",
      "integrity": "sha512-+BQyPRZczeV9JH/17X1nu1GbD+SZvdPKD4Nrt2S61J94A2yc8DpWBlzv9KgF9cOXUZKifEShy8/qLelSVNo/rA==",
      "dev": true
    },
    "node_modules/geom-normals": {
      "version": "2.0.0",
      "resolved": "https://registry.npmjs.org/geom-normals/-/geom-normals-2.0.0.tgz",
      "integrity": "sha512-3T0JWe4lq0lEAEx7RpirdY5ZsBGW5Q3a+I6NDTCO+1vyHB1W1ZKD1cAoMo+jz/3LDYox/ch7tDgBPus4qauslg==",
      "dev": true,
      "dependencies": {
        "pex-math": "^4.0.0-alpha.3",
        "pex-random": "^2.0.0-alpha.1"
      },
      "engines": {
        "node": ">=18.0.0",
        "npm": ">=8.0.0"
      }
    },
    "node_modules/pex-context": {
      "version": "3.0.0-alpha.3",
      "resolved": "https://registry.npmjs.org/pex-context/-/pex-context-3.0.0-alpha.3.tgz",
      "integrity": "sha512-cS0wsoxsPOtGiiDfcR/tuNyMYSLBazHhdV+ocNxsO1/5TOlCswkdYwK13rYg51vUuSTSwQqvEghLIW/zxCcndg==",
      "dev": true,
      "dependencies": {
        "pex-gl": "^3.0.0-alpha.0"
      },
      "engines": {
        "node": ">=16.0.0",
        "npm": ">=7.0.0"
      }
    },
    "node_modules/pex-gl": {
      "version": "3.0.0-alpha.0",
      "resolved": "https://registry.npmjs.org/pex-gl/-/pex-gl-3.0.0-alpha.0.tgz",
      "integrity": "sha512-F5xRhI2A3iVhcSmBIIsjEoAeLBa8tqTUzQy2cwZ9X5i1yKRXH8mfQd21JegAuY2aIgzHylquQmWXKzskR8reIA==",
      "dev": true,
      "engines": {
        "node": ">=16.0.0",
        "npm": ">=7.0.0"
      }
    },
    "node_modules/pex-math": {
      "version": "4.0.0-alpha.3",
      "resolved": "https://registry.npmjs.org/pex-math/-/pex-math-4.0.0-alpha.3.tgz",
      "integrity": "sha512-4rHCFNLQnk/NHAQczW/VCBiXOPN2DvAjYhZw5EnEadtMLoI9tGQWd4JxANeV1i3O17PdfIoTi9ECfIRRkz8nwg==",
      "engines": {
        "node": ">=16.0.0",
        "npm": ">=7.0.0"
      }
    },
    "node_modules/pex-random": {
      "version": "2.0.0-alpha.1",
      "resolved": "https://registry.npmjs.org/pex-random/-/pex-random-2.0.0-alpha.1.tgz",
      "integrity": "sha512-GH+7JEvtxe+bz8V21X6ACtxIKfImUFAOraDFVS4N4Kr9EpqlTGClDZwWNew7H4KuiQQe/bmqQHy9toSkKvMMEg==",
      "dev": true,
      "dependencies": {
        "seedrandom": "^3.0.5",
        "simplex-noise": "4.0.0"
      },
      "engines": {
        "node": ">=16.0.0",
        "npm": ">=7.0.0"
      }
    },
    "node_modules/primitive-geometry": {
      "version": "2.9.1",
      "resolved": "https://registry.npmjs.org/primitive-geometry/-/primitive-geometry-2.9.1.tgz",
      "integrity": "sha512-qImUPQPio/CwQX6w52q11T31Z3G0TDJUbiOwt/h8JL3OSqhwHCFPurT/fTwLrCjiFMmxnhjxT+EA5NGIUaKJRA==",
      "dev": true,
      "funding": [
        {
          "type": "individual",
          "url": "https://paypal.me/dmnsgn"
        },
        {
          "type": "individual",
          "url": "https://commerce.coinbase.com/checkout/56cbdf28-e323-48d8-9c98-7019e72c97f3"
        }
      ],
      "engines": {
        "node": ">=15.0.0",
        "npm": ">=7.0.0"
      }
    },
    "node_modules/seedrandom": {
      "version": "3.0.5",
      "resolved": "https://registry.npmjs.org/seedrandom/-/seedrandom-3.0.5.tgz",
      "integrity": "sha512-8OwmbklUNzwezjGInmZ+2clQmExQPvomqjL7LFqOYqtmuxRgQYqOD3mHaU+MvZn5FLUeVxVfQjwLZW/n/JFuqg==",
      "dev": true
    },
    "node_modules/simplex-noise": {
      "version": "4.0.0",
      "resolved": "https://registry.npmjs.org/simplex-noise/-/simplex-noise-4.0.0.tgz",
      "integrity": "sha512-ciRAxJnRdQhFhZ7+yZKxk8bQJoIq2J2UPO2pbzy1vcrWFq70P4hNCCmcCTkBKDCIeXZVd/yKjL8Fmh8Aeu5+6g==",
      "dev": true
    }
  }
}
