{
  "name": "geom-split-vertices",
  "version": "2.0.1",
  "lockfileVersion": 3,
  "requires": true,
  "packages": {
    "": {
      "name": "geom-split-vertices",
      "version": "2.0.1",
      "license": "MIT",
      "dependencies": {
        "pex-math": "^4.1.0",
        "typed-array-constructor": "^1.0.1"
      },
      "devDependencies": {
        "es-module-shims": "^1.8.3",
        "geom-normals": "^2.1.0",
        "pex-context": "^3.0.0-alpha.3",
        "primitive-geometry": "^2.10.0",
        "primitive-sphere": "^3.0.0"
      },
      "engines": {
        "node": ">=20.0.0",
        "npm": ">=9.6.4"
      }
    },
    "node_modules/es-module-shims": {
      "version": "1.8.3",
      "resolved": "https://registry.npmjs.org/es-module-shims/-/es-module-shims-1.8.3.tgz",
      "integrity": "sha512-NOE2WomYkoXeae8FcwPwZApxDwKerEWGOiqNo/P2JCBkJgKCLA5+PMZs8sr/1SPk9a8E+hUE9Wc+YZyGEiWHkw==",
      "dev": true
    },
    "node_modules/geom-normals": {
      "version": "2.1.0",
      "resolved": "https://registry.npmjs.org/geom-normals/-/geom-normals-2.1.0.tgz",
      "integrity": "sha512-uu5ukZHOXB32LnGzeVEbEFzaTlWlqzH6tt71Np0qdqh0j7BaRMYAf1EX/03612ptaJhRkuq4rjA8oKNgl0SIsQ==",
      "dev": true,
      "dependencies": {
        "pex-math": "^4.1.0",
        "pex-random": "^2.0.0"
      },
      "engines": {
        "node": ">=20.0.0",
        "npm": ">=9.6.4"
      }
    },
    "node_modules/gl-mat4": {
      "version": "1.2.0",
      "resolved": "https://registry.npmjs.org/gl-mat4/-/gl-mat4-1.2.0.tgz",
      "integrity": "sha512-sT5C0pwB1/e9G9AvAoLsoaJtbMGjfd/jfxo8jMCKqYYEnjZuFvqV5rehqar0538EmssjdDeiEWnKyBSTw7quoA==",
      "dev": true
    },
    "node_modules/gl-vec3": {
      "version": "1.1.3",
      "resolved": "https://registry.npmjs.org/gl-vec3/-/gl-vec3-1.1.3.tgz",
      "integrity": "sha512-jduKUqT0SGH02l8Yl+mV1yVsDfYgQAJyXGxkJQGyxPLHRiW25DwVIRPt6uvhrEMHftJfqhqKthRcyZqNEl9Xdw==",
      "dev": true
    },
    "node_modules/pex-context": {
      "version": "3.0.0-alpha.3",
      "resolved": "https://registry.npmjs.org/pex-context/-/pex-context-3.0.0-alpha.3.tgz",
      "integrity": "sha512-cS0wsoxsPOtGiiDfcR/tuNyMYSLBazHhdV+ocNxsO1/5TOlCswkdYwK13rYg51vUuSTSwQqvEghLIW/zxCcndg==",
      "dev": true,
      "dependencies": {
        "pex-gl": "^3.0.0-alpha.0"
      },
      "engines": {
        "node": ">=16.0.0",
        "npm": ">=7.0.0"
      }
    },
    "node_modules/pex-gl": {
      "version": "3.0.0-alpha.0",
      "resolved": "https://registry.npmjs.org/pex-gl/-/pex-gl-3.0.0-alpha.0.tgz",
      "integrity": "sha512-F5xRhI2A3iVhcSmBIIsjEoAeLBa8tqTUzQy2cwZ9X5i1yKRXH8mfQd21JegAuY2aIgzHylquQmWXKzskR8reIA==",
      "dev": true,
      "engines": {
        "node": ">=16.0.0",
        "npm": ">=7.0.0"
      }
    },
    "node_modules/pex-math": {
      "version": "4.1.0",
      "resolved": "https://registry.npmjs.org/pex-math/-/pex-math-4.1.0.tgz",
      "integrity": "sha512-rpb92xRnGan4qOh0cXk8kD4GXXvt6ntQykkegjSU186pJ6uGJ/UJJ3amt9SQenmiEQHU2SXKvZImyzo1RTX61w==",
      "engines": {
        "node": ">=20.0.0",
        "npm": ">=9.6.4"
      }
    },
    "node_modules/pex-random": {
      "version": "2.0.0",
      "resolved": "https://registry.npmjs.org/pex-random/-/pex-random-2.0.0.tgz",
      "integrity": "sha512-u6+Hoh5y1icqavEiTGo3taPkbAiSvWj5yqGeQbM++7uBSb5TPNyUzayHd85h8A0N4OtkGpdUA/feMKzG5pMY6Q==",
      "dev": true,
      "dependencies": {
        "seedrandom": "^3.0.5",
        "simplex-noise": "4.0.1"
      },
      "engines": {
        "node": ">=20.0.0",
        "npm": ">=9.6.4"
      }
    },
    "node_modules/primitive-geometry": {
      "version": "2.10.0",
      "resolved": "https://registry.npmjs.org/primitive-geometry/-/primitive-geometry-2.10.0.tgz",
      "integrity": "sha512-i+CQy51EDEU9zal/GRqOXfZeKo9MccM6SIOMM7+OkCCYqCFhetM7nLP3Ms7lDgtZjpIXp8iZI4TrXCqTfxADWA==",
      "dev": true,
      "funding": [
        {
          "type": "individual",
          "url": "https://paypal.me/dmnsgn"
        },
        {
          "type": "individual",
          "url": "https://commerce.coinbase.com/checkout/56cbdf28-e323-48d8-9c98-7019e72c97f3"
        }
      ],
      "engines": {
        "node": ">=15.0.0",
        "npm": ">=7.0.0"
      }
    },
    "node_modules/primitive-sphere": {
      "version": "3.0.0",
      "resolved": "https://registry.npmjs.org/primitive-sphere/-/primitive-sphere-3.0.0.tgz",
      "integrity": "sha512-qWdk0LMwcO45plX2Y00IRFTlEzvwXEzpLCMV2CGdO13s6iSY7wmoftOlYabBZ1Ng3/3IOcADYpLdgD7+si82+g==",
      "dev": true,
      "dependencies": {
        "gl-mat4": "^1.1.4",
        "gl-vec3": "^1.0.3"
      }
    },
    "node_modules/seedrandom": {
      "version": "3.0.5",
      "resolved": "https://registry.npmjs.org/seedrandom/-/seedrandom-3.0.5.tgz",
      "integrity": "sha512-8OwmbklUNzwezjGInmZ+2clQmExQPvomqjL7LFqOYqtmuxRgQYqOD3mHaU+MvZn5FLUeVxVfQjwLZW/n/JFuqg==",
      "dev": true
    },
    "node_modules/simplex-noise": {
      "version": "4.0.1",
      "resolved": "https://registry.npmjs.org/simplex-noise/-/simplex-noise-4.0.1.tgz",
      "integrity": "sha512-zl/+bdSqW7HJOQ0oDbxrNYaF4F5ik0i7M6YOYmEoIJNtg16NpvWaTTM1Y7oV/7T0jFljawLgYPS81Uu2rsfo1A==",
      "dev": true
    },
    "node_modules/typed-array-constructor": {
      "version": "1.0.1",
      "resolved": "https://registry.npmjs.org/typed-array-constructor/-/typed-array-constructor-1.0.1.tgz",
      "integrity": "sha512-u0C7NyHOh4nPdFy5BsjEQuDXsuCg8PvinJ7b35IXdQ/dcOrwavzMh3YYo0Gj2Oq+69nNDOlxwKcVAV++x+m/8A==",
      "funding": [
        {
          "type": "individual",
          "url": "https://paypal.me/dmnsgn"
        },
        {
          "type": "individual",
          "url": "https://commerce.coinbase.com/checkout/56cbdf28-e323-48d8-9c98-7019e72c97f3"
        }
      ],
      "engines": {
        "node": ">=18.0.0",
        "npm": ">=8.0.0"
      }
    }
  }
}
